PODS:
  - FMDB (2.7.5):
    - FMDB/standard (= 2.7.5)
  - FMDB/standard (2.7.5)
  - SocketRocket (0.6.0)

DEPENDENCIES:
  - FMDB
  - SocketRocket

SPEC REPOS:
  trunk:
    - FMDB
    - SocketRocket

SPEC CHECKSUMS:
  FMDB: 2ce00b547f966261cd18927a3ddb07cb6f3db82a
  SocketRocket: fccef3f9c5cedea1353a9ef6ada904fde10d6608

PODFILE CHECKSUM: f12f141a04c525723ba9c3c62e54c7d8fb92cb24

COCOAPODS: 1.10.2
